
Microsoft Visual Studio Solution File, Format Version 12.00
# Visual Studio Version 17
VisualStudioVersion = 17.5.33516.290
MinimumVisualStudioVersion = 10.0.40219.1
Project("{FAE04EC0-301F-11D3-BF4B-00C04F79EFBC}") = "dumpbin_compare", "dumpbin_compare.csproj", "{EBA74D24-256E-4292-8AE0-63A7BC0CFE0A}"
EndProject
Global
	GlobalSection(SolutionConfigurationPlatforms) = preSolution
		Debug|Any CPU = Debug|Any CPU
		Release|Any CPU = Release|Any CPU
	EndGlobalSection
	GlobalSection(ProjectConfigurationPlatforms) = postSolution
		{EBA74D24-256E-4292-8AE0-63A7BC0CFE0A}.Debug|Any CPU.ActiveCfg = Debug|Any CPU
		{EBA74D24-256E-4292-8AE0-63A7BC0CFE0A}.Debug|Any CPU.Build.0 = Debug|Any CPU
		{EBA74D24-256E-4292-8AE0-63A7BC0CFE0A}.Release|Any CPU.ActiveCfg = Release|Any CPU
		{EBA74D24-256E-4292-8AE0-63A7BC0CFE0A}.Release|Any CPU.Build.0 = Release|Any CPU
	EndGlobalSection
	GlobalSection(SolutionProperties) = preSolution
		HideSolutionNode = FALSE
	EndGlobalSection
	GlobalSection(ExtensibilityGlobals) = postSolution
		SolutionGuid = {319891E5-B2AA-4018-8603-0E1E85183E12}
	EndGlobalSection
EndGlobal
